github.com/gopherjs/gopherjs v1.17.2 h1:fQnZVsXk8uxXIStYb0N4bGk7jeyTalG/wsZjQ25dO0g=
github.com/gopherjs/gopherjs v1.17.2/go.mod h1:pRRIvn/QzFLrKfvEz3qUuEhtE/zLCWfreZ6J5gM2i+k=
github.com/webview/webview v0.0.0-20220613032649-1df219123fb2 h1:PtGDbjNFrxetvl0ffPVjN0xEzqiI4yWizm4kRBCLHhc=
github.com/webview/webview v0.0.0-20220613032649-1df219123fb2/go.mod h1:rpXAuuHgyEJb6kXcXldlkOjU6y4x+YcASKKXJNUhh0Y=
